
Microsoft Visual Studio Solution File, Format Version 12.00
# Visual Studio 14
VisualStudioVersion = 14.0.23107.0
MinimumVisualStudioVersion = 14.0.23107.0
Project("{2150E333-8FDC-42A3-9474-1A3956D46DE8}") = "ProjectStarspire", "ProjectStarspire", "{EB1339CD-5D80-4C20-8F28-8A5140EAA893}"
	ProjectSection(SiliconStudioPackage) = preProject
		ProjectStarspire/ProjectStarspire.xkpkg = ProjectStarspire/ProjectStarspire.xkpkg
	EndProjectSection
EndProject
Project("{FAE04EC0-301F-11D3-BF4B-00C04F79EFBC}") = "ProjectStarspire.Windows", "ProjectStarspire\ProjectStarspire.Windows\ProjectStarspire.Windows.csproj", "{41F2FD97-389B-404E-BFAE-446378E84B88}"
EndProject
Project("{FAE04EC0-301F-11D3-BF4B-00C04F79EFBC}") = "ProjectStarspire.Game", "ProjectStarspire\ProjectStarspire.Game\ProjectStarspire.Game.csproj", "{988B24D2-F946-493C-801A-431E37E34885}"
EndProject
Global
	GlobalSection(SolutionConfigurationPlatforms) = preSolution
		AppStore|Any CPU = AppStore|Any CPU
		AppStore|Mixed Platforms = AppStore|Mixed Platforms
		AppStore|Windows = AppStore|Windows
		CoreCLR_Debug|Any CPU = CoreCLR_Debug|Any CPU
		CoreCLR_Debug|Mixed Platforms = CoreCLR_Debug|Mixed Platforms
		CoreCLR_Debug|Windows = CoreCLR_Debug|Windows
		CoreCLR_Release|Any CPU = CoreCLR_Release|Any CPU
		CoreCLR_Release|Mixed Platforms = CoreCLR_Release|Mixed Platforms
		CoreCLR_Release|Windows = CoreCLR_Release|Windows
		Debug|Any CPU = Debug|Any CPU
		Debug|Mixed Platforms = Debug|Mixed Platforms
		Debug|Windows = Debug|Windows
		Release|Any CPU = Release|Any CPU
		Release|Mixed Platforms = Release|Mixed Platforms
		Release|Windows = Release|Windows
		Testing|Any CPU = Testing|Any CPU
		Testing|Mixed Platforms = Testing|Mixed Platforms
		Testing|Windows = Testing|Windows
	EndGlobalSection
	GlobalSection(ProjectConfigurationPlatforms) = postSolution
		{41F2FD97-389B-404E-BFAE-446378E84B88}.AppStore|Any CPU.ActiveCfg = AppStore|Any CPU
		{41F2FD97-389B-404E-BFAE-446378E84B88}.AppStore|Any CPU.Build.0 = AppStore|Any CPU
		{41F2FD97-389B-404E-BFAE-446378E84B88}.AppStore|Any CPU.Deploy.0 = AppStore|Any CPU
		{41F2FD97-389B-404E-BFAE-446378E84B88}.AppStore|Mixed Platforms.ActiveCfg = AppStore|Any CPU
		{41F2FD97-389B-404E-BFAE-446378E84B88}.AppStore|Mixed Platforms.Build.0 = AppStore|Any CPU
		{41F2FD97-389B-404E-BFAE-446378E84B88}.AppStore|Mixed Platforms.Deploy.0 = AppStore|Any CPU
		{41F2FD97-389B-404E-BFAE-446378E84B88}.AppStore|Windows.ActiveCfg = AppStore|Any CPU
		{41F2FD97-389B-404E-BFAE-446378E84B88}.AppStore|Windows.Build.0 = AppStore|Any CPU
		{41F2FD97-389B-404E-BFAE-446378E84B88}.AppStore|Windows.Deploy.0 = AppStore|Any CPU
		{41F2FD97-389B-404E-BFAE-446378E84B88}.CoreCLR_Debug|Any CPU.ActiveCfg = CoreCLR_Debug|Any CPU
		{41F2FD97-389B-404E-BFAE-446378E84B88}.CoreCLR_Debug|Any CPU.Build.0 = CoreCLR_Debug|Any CPU
		{41F2FD97-389B-404E-BFAE-446378E84B88}.CoreCLR_Debug|Any CPU.Deploy.0 = CoreCLR_Debug|Any CPU
		{41F2FD97-389B-404E-BFAE-446378E84B88}.CoreCLR_Debug|Mixed Platforms.ActiveCfg = CoreCLR_Debug|Any CPU
		{41F2FD97-389B-404E-BFAE-446378E84B88}.CoreCLR_Debug|Mixed Platforms.Build.0 = CoreCLR_Debug|Any CPU
		{41F2FD97-389B-404E-BFAE-446378E84B88}.CoreCLR_Debug|Mixed Platforms.Deploy.0 = CoreCLR_Debug|Any CPU
		{41F2FD97-389B-404E-BFAE-446378E84B88}.CoreCLR_Debug|Windows.ActiveCfg = CoreCLR_Debug|Any CPU
		{41F2FD97-389B-404E-BFAE-446378E84B88}.CoreCLR_Debug|Windows.Build.0 = CoreCLR_Debug|Any CPU
		{41F2FD97-389B-404E-BFAE-446378E84B88}.CoreCLR_Debug|Windows.Deploy.0 = CoreCLR_Debug|Any CPU
		{41F2FD97-389B-404E-BFAE-446378E84B88}.CoreCLR_Release|Any CPU.ActiveCfg = CoreCLR_Release|Any CPU
		{41F2FD97-389B-404E-BFAE-446378E84B88}.CoreCLR_Release|Any CPU.Build.0 = CoreCLR_Release|Any CPU
		{41F2FD97-389B-404E-BFAE-446378E84B88}.CoreCLR_Release|Any CPU.Deploy.0 = CoreCLR_Release|Any CPU
		{41F2FD97-389B-404E-BFAE-446378E84B88}.CoreCLR_Release|Mixed Platforms.ActiveCfg = CoreCLR_Release|Any CPU
		{41F2FD97-389B-404E-BFAE-446378E84B88}.CoreCLR_Release|Mixed Platforms.Build.0 = CoreCLR_Release|Any CPU
		{41F2FD97-389B-404E-BFAE-446378E84B88}.CoreCLR_Release|Mixed Platforms.Deploy.0 = CoreCLR_Release|Any CPU
		{41F2FD97-389B-404E-BFAE-446378E84B88}.CoreCLR_Release|Windows.ActiveCfg = CoreCLR_Release|Any CPU
		{41F2FD97-389B-404E-BFAE-446378E84B88}.CoreCLR_Release|Windows.Build.0 = CoreCLR_Release|Any CPU
		{41F2FD97-389B-404E-BFAE-446378E84B88}.CoreCLR_Release|Windows.Deploy.0 = CoreCLR_Release|Any CPU
		{41F2FD97-389B-404E-BFAE-446378E84B88}.Debug|Any CPU.ActiveCfg = Debug|Any CPU
		{41F2FD97-389B-404E-BFAE-446378E84B88}.Debug|Any CPU.Build.0 = Debug|Any CPU
		{41F2FD97-389B-404E-BFAE-446378E84B88}.Debug|Any CPU.Deploy.0 = Debug|Any CPU
		{41F2FD97-389B-404E-BFAE-446378E84B88}.Debug|Mixed Platforms.ActiveCfg = Debug|Any CPU
		{41F2FD97-389B-404E-BFAE-446378E84B88}.Debug|Mixed Platforms.Build.0 = Debug|Any CPU
		{41F2FD97-389B-404E-BFAE-446378E84B88}.Debug|Mixed Platforms.Deploy.0 = Debug|Any CPU
		{41F2FD97-389B-404E-BFAE-446378E84B88}.Debug|Windows.ActiveCfg = Debug|Any CPU
		{41F2FD97-389B-404E-BFAE-446378E84B88}.Debug|Windows.Build.0 = Debug|Any CPU
		{41F2FD97-389B-404E-BFAE-446378E84B88}.Debug|Windows.Deploy.0 = Debug|Any CPU
		{41F2FD97-389B-404E-BFAE-446378E84B88}.Release|Any CPU.ActiveCfg = Release|Any CPU
		{41F2FD97-389B-404E-BFAE-446378E84B88}.Release|Any CPU.Build.0 = Release|Any CPU
		{41F2FD97-389B-404E-BFAE-446378E84B88}.Release|Any CPU.Deploy.0 = Release|Any CPU
		{41F2FD97-389B-404E-BFAE-446378E84B88}.Release|Mixed Platforms.ActiveCfg = Release|Any CPU
		{41F2FD97-389B-404E-BFAE-446378E84B88}.Release|Mixed Platforms.Build.0 = Release|Any CPU
		{41F2FD97-389B-404E-BFAE-446378E84B88}.Release|Mixed Platforms.Deploy.0 = Release|Any CPU
		{41F2FD97-389B-404E-BFAE-446378E84B88}.Release|Windows.ActiveCfg = Release|Any CPU
		{41F2FD97-389B-404E-BFAE-446378E84B88}.Release|Windows.Build.0 = Release|Any CPU
		{41F2FD97-389B-404E-BFAE-446378E84B88}.Release|Windows.Deploy.0 = Release|Any CPU
		{41F2FD97-389B-404E-BFAE-446378E84B88}.Testing|Any CPU.ActiveCfg = Testing|Any CPU
		{41F2FD97-389B-404E-BFAE-446378E84B88}.Testing|Any CPU.Build.0 = Testing|Any CPU
		{41F2FD97-389B-404E-BFAE-446378E84B88}.Testing|Any CPU.Deploy.0 = Testing|Any CPU
		{41F2FD97-389B-404E-BFAE-446378E84B88}.Testing|Mixed Platforms.ActiveCfg = Testing|Any CPU
		{41F2FD97-389B-404E-BFAE-446378E84B88}.Testing|Mixed Platforms.Build.0 = Testing|Any CPU
		{41F2FD97-389B-404E-BFAE-446378E84B88}.Testing|Mixed Platforms.Deploy.0 = Testing|Any CPU
		{41F2FD97-389B-404E-BFAE-446378E84B88}.Testing|Windows.ActiveCfg = Testing|Any CPU
		{41F2FD97-389B-404E-BFAE-446378E84B88}.Testing|Windows.Build.0 = Testing|Any CPU
		{41F2FD97-389B-404E-BFAE-446378E84B88}.Testing|Windows.Deploy.0 = Testing|Any CPU
		{988B24D2-F946-493C-801A-431E37E34885}.AppStore|Any CPU.ActiveCfg = AppStore|Any CPU
		{988B24D2-F946-493C-801A-431E37E34885}.AppStore|Any CPU.Build.0 = AppStore|Any CPU
		{988B24D2-F946-493C-801A-431E37E34885}.AppStore|Mixed Platforms.ActiveCfg = AppStore|Any CPU
		{988B24D2-F946-493C-801A-431E37E34885}.AppStore|Mixed Platforms.Build.0 = AppStore|Any CPU
		{988B24D2-F946-493C-801A-431E37E34885}.AppStore|Windows.ActiveCfg = AppStore|Any CPU
		{988B24D2-F946-493C-801A-431E37E34885}.AppStore|Windows.Build.0 = AppStore|Any CPU
		{988B24D2-F946-493C-801A-431E37E34885}.CoreCLR_Debug|Any CPU.ActiveCfg = CoreCLR_Debug|Any CPU
		{988B24D2-F946-493C-801A-431E37E34885}.CoreCLR_Debug|Any CPU.Build.0 = CoreCLR_Debug|Any CPU
		{988B24D2-F946-493C-801A-431E37E34885}.CoreCLR_Debug|Mixed Platforms.ActiveCfg = CoreCLR_Debug|Any CPU
		{988B24D2-F946-493C-801A-431E37E34885}.CoreCLR_Debug|Mixed Platforms.Build.0 = CoreCLR_Debug|Any CPU
		{988B24D2-F946-493C-801A-431E37E34885}.CoreCLR_Debug|Windows.ActiveCfg = CoreCLR_Debug|Any CPU
		{988B24D2-F946-493C-801A-431E37E34885}.CoreCLR_Debug|Windows.Build.0 = CoreCLR_Debug|Any CPU
		{988B24D2-F946-493C-801A-431E37E34885}.CoreCLR_Release|Any CPU.ActiveCfg = CoreCLR_Release|Any CPU
		{988B24D2-F946-493C-801A-431E37E34885}.CoreCLR_Release|Any CPU.Build.0 = CoreCLR_Release|Any CPU
		{988B24D2-F946-493C-801A-431E37E34885}.CoreCLR_Release|Mixed Platforms.ActiveCfg = CoreCLR_Release|Any CPU
		{988B24D2-F946-493C-801A-431E37E34885}.CoreCLR_Release|Mixed Platforms.Build.0 = CoreCLR_Release|Any CPU
		{988B24D2-F946-493C-801A-431E37E34885}.CoreCLR_Release|Windows.ActiveCfg = CoreCLR_Release|Any CPU
		{988B24D2-F946-493C-801A-431E37E34885}.CoreCLR_Release|Windows.Build.0 = CoreCLR_Release|Any CPU
		{988B24D2-F946-493C-801A-431E37E34885}.Debug|Any CPU.ActiveCfg = Debug|Any CPU
		{988B24D2-F946-493C-801A-431E37E34885}.Debug|Any CPU.Build.0 = Debug|Any CPU
		{988B24D2-F946-493C-801A-431E37E34885}.Debug|Mixed Platforms.ActiveCfg = Debug|Any CPU
		{988B24D2-F946-493C-801A-431E37E34885}.Debug|Mixed Platforms.Build.0 = Debug|Any CPU
		{988B24D2-F946-493C-801A-431E37E34885}.Debug|Windows.ActiveCfg = Debug|Any CPU
		{988B24D2-F946-493C-801A-431E37E34885}.Debug|Windows.Build.0 = Debug|Any CPU
		{988B24D2-F946-493C-801A-431E37E34885}.Release|Any CPU.ActiveCfg = Release|Any CPU
		{988B24D2-F946-493C-801A-431E37E34885}.Release|Any CPU.Build.0 = Release|Any CPU
		{988B24D2-F946-493C-801A-431E37E34885}.Release|Mixed Platforms.ActiveCfg = Release|Any CPU
		{988B24D2-F946-493C-801A-431E37E34885}.Release|Mixed Platforms.Build.0 = Release|Any CPU
		{988B24D2-F946-493C-801A-431E37E34885}.Release|Windows.ActiveCfg = Release|Any CPU
		{988B24D2-F946-493C-801A-431E37E34885}.Release|Windows.Build.0 = Release|Any CPU
		{988B24D2-F946-493C-801A-431E37E34885}.Testing|Any CPU.ActiveCfg = Testing|Any CPU
		{988B24D2-F946-493C-801A-431E37E34885}.Testing|Any CPU.Build.0 = Testing|Any CPU
		{988B24D2-F946-493C-801A-431E37E34885}.Testing|Mixed Platforms.ActiveCfg = Testing|Any CPU
		{988B24D2-F946-493C-801A-431E37E34885}.Testing|Mixed Platforms.Build.0 = Testing|Any CPU
		{988B24D2-F946-493C-801A-431E37E34885}.Testing|Windows.ActiveCfg = Testing|Any CPU
		{988B24D2-F946-493C-801A-431E37E34885}.Testing|Windows.Build.0 = Testing|Any CPU
	EndGlobalSection
	GlobalSection(NestedProjects) = preSolution
		{41F2FD97-389B-404E-BFAE-446378E84B88} = {EB1339CD-5D80-4C20-8F28-8A5140EAA893}
		{988B24D2-F946-493C-801A-431E37E34885} = {EB1339CD-5D80-4C20-8F28-8A5140EAA893}
	EndGlobalSection
EndGlobal
